{
  "name": "odetofood",
  "version": "1.0.0",
  "lockfileVersion": 3,
  "requires": true,
  "packages": {
    "": {
      "name": "odetofood",
      "version": "1.0.0",
      "dependencies": {
        "@types/jquery": "^1.10.39",
        "datatables.net-bs4": "^1.13.6"
      }
    },
    "node_modules/@types/jquery": {
      "version": "1.10.39",
      "resolved": "https://registry.npmjs.org/@types/jquery/-/jquery-1.10.39.tgz",
      "integrity": "sha512-vY3MK/wp1XxEhXzmtFk0Ce5x2Y6PEVXz6hoCooe364O4OdFZVb5XT/qgHmflF/SHD0tDtCejvP9qolCYfX7XWA=="
    },
    "node_modules/datatables.net": {
      "version": "1.13.6",
      "resolved": "https://registry.npmjs.org/datatables.net/-/datatables.net-1.13.6.tgz",
      "integrity": "sha512-rHNcnW+yEP9me82/KmRcid5eKrqPqW3+I/p1TwqCW3c/7GRYYkDyF6aJQOQ9DNS/pw+nyr4BVpjyJ3yoZXiFPg==",
      "dependencies": {
        "jquery": ">=1.7"
      }
    },
    "node_modules/datatables.net-bs4": {
      "version": "1.13.6",
      "resolved": "https://registry.npmjs.org/datatables.net-bs4/-/datatables.net-bs4-1.13.6.tgz",
      "integrity": "sha512-+ZYDvpvCf0L0qSXPGKbb17arFPNqnjkyrvAEamR9SGQaGK7PprVaNTLmRfP0Xq2dBxVYr+Y+OD/q63zaDo0cSA==",
      "dependencies": {
        "datatables.net": ">=1.13.4",
        "jquery": ">=1.7"
      }
    },
    "node_modules/jquery": {
      "version": "3.7.0",
      "resolved": "https://registry.npmjs.org/jquery/-/jquery-3.7.0.tgz",
      "integrity": "sha512-umpJ0/k8X0MvD1ds0P9SfowREz2LenHsQaxSohMZ5OMNEU2r0tf8pdeEFTHMFxWVxKNyU9rTtK3CWzUCTKJUeQ=="
    }
  }
}
