
Microsoft Visual Studio Solution File, Format Version 12.00
# Visual Studio Version 16
VisualStudioVersion = 16.0.31424.327
MinimumVisualStudioVersion = 10.0.40219.1
Project("{9A19103F-16F7-4668-BE54-9A1E7A4F7556}") = "OdeToFood.Core", "OdeToFood.Core\OdeToFood.Core.csproj", "{470EE6BD-9735-4472-8408-127237C45DB7}"
EndProject
Project("{9A19103F-16F7-4668-BE54-9A1E7A4F7556}") = "OdeToFood", "OdeToFood\OdeToFood.csproj", "{C857052E-80B2-4D46-8260-9509651D3DBB}"
EndProject
Project("{FAE04EC0-301F-11D3-BF4B-00C04F79EFBC}") = "OdeToFood.Data", "OdeToFood.Data\OdeToFood.Data.csproj", "{8BB9369E-4962-4593-BE81-0DF14E3607AE}"
EndProject
Global
	GlobalSection(SolutionConfigurationPlatforms) = preSolution
		Debug|Any CPU = Debug|Any CPU
		Release|Any CPU = Release|Any CPU
	EndGlobalSection
	GlobalSection(ProjectConfigurationPlatforms) = postSolution
		{470EE6BD-9735-4472-8408-127237C45DB7}.Debug|Any CPU.ActiveCfg = Debug|Any CPU
		{470EE6BD-9735-4472-8408-127237C45DB7}.Debug|Any CPU.Build.0 = Debug|Any CPU
		{470EE6BD-9735-4472-8408-127237C45DB7}.Release|Any CPU.ActiveCfg = Release|Any CPU
		{470EE6BD-9735-4472-8408-127237C45DB7}.Release|Any CPU.Build.0 = Release|Any CPU
		{C857052E-80B2-4D46-8260-9509651D3DBB}.Debug|Any CPU.ActiveCfg = Debug|Any CPU
		{C857052E-80B2-4D46-8260-9509651D3DBB}.Debug|Any CPU.Build.0 = Debug|Any CPU
		{C857052E-80B2-4D46-8260-9509651D3DBB}.Release|Any CPU.ActiveCfg = Release|Any CPU
		{C857052E-80B2-4D46-8260-9509651D3DBB}.Release|Any CPU.Build.0 = Release|Any CPU
		{8BB9369E-4962-4593-BE81-0DF14E3607AE}.Debug|Any CPU.ActiveCfg = Debug|Any CPU
		{8BB9369E-4962-4593-BE81-0DF14E3607AE}.Debug|Any CPU.Build.0 = Debug|Any CPU
		{8BB9369E-4962-4593-BE81-0DF14E3607AE}.Release|Any CPU.ActiveCfg = Release|Any CPU
		{8BB9369E-4962-4593-BE81-0DF14E3607AE}.Release|Any CPU.Build.0 = Release|Any CPU
	EndGlobalSection
	GlobalSection(SolutionProperties) = preSolution
		HideSolutionNode = FALSE
	EndGlobalSection
	GlobalSection(ExtensibilityGlobals) = postSolution
		SolutionGuid = {70CF4E05-C6FA-4CAF-836E-107E16C216BB}
	EndGlobalSection
EndGlobal
